
Microsoft Visual Studio Solution File, Format Version 12.00
# Visual Studio Version 17
VisualStudioVersion = 17.5.33502.453
MinimumVisualStudioVersion = 10.0.40219.1
Project("{FAE04EC0-301F-11D3-BF4B-00C04F79EFBC}") = "webApp", "webApp\webApp.csproj", "{B83B4A59-45D3-4F9F-BDA5-262C5E5B899B}"
EndProject
Global
	GlobalSection(SolutionConfigurationPlatforms) = preSolution
		Debug|Any CPU = Debug|Any CPU
		Release|Any CPU = Release|Any CPU
	EndGlobalSection
	GlobalSection(ProjectConfigurationPlatforms) = postSolution
		{B83B4A59-45D3-4F9F-BDA5-262C5E5B899B}.Debug|Any CPU.ActiveCfg = Debug|Any CPU
		{B83B4A59-45D3-4F9F-BDA5-262C5E5B899B}.Debug|Any CPU.Build.0 = Debug|Any CPU
		{B83B4A59-45D3-4F9F-BDA5-262C5E5B899B}.Release|Any CPU.ActiveCfg = Release|Any CPU
		{B83B4A59-45D3-4F9F-BDA5-262C5E5B899B}.Release|Any CPU.Build.0 = Release|Any CPU
	EndGlobalSection
	GlobalSection(SolutionProperties) = preSolution
		HideSolutionNode = FALSE
	EndGlobalSection
	GlobalSection(ExtensibilityGlobals) = postSolution
		SolutionGuid = {69832D1B-4620-4802-8322-E9BD792DE7F0}
	EndGlobalSection
EndGlobal
